
Microsoft Visual Studio Solution File, Format Version 12.00
# Visual Studio Version 17
VisualStudioVersion = 17.13.35818.85
MinimumVisualStudioVersion = 10.0.40219.1
Project("{FAE04EC0-301F-11D3-BF4B-00C04F79EFBC}") = "Lab6", "Lab6\Lab6.csproj", "{0CB42B66-D806-4530-9DFD-CCEC6877B06B}"
EndProject
Project("{FAE04EC0-301F-11D3-BF4B-00C04F79EFBC}") = "FacrotyMethod", "FacrotyMethod\FacrotyMethod.csproj", "{B9A0966D-9992-43FF-A7A8-A8B57A96CD49}"
EndProject
Project("{FAE04EC0-301F-11D3-BF4B-00C04F79EFBC}") = "Decorator", "Decorator\Decorator.csproj", "{7698BC57-13DF-4F5B-B7D6-FC172E0D2E03}"
EndProject
Project("{FAE04EC0-301F-11D3-BF4B-00C04F79EFBC}") = "Strategy", "Strategy\Strategy.csproj", "{BBEC35EE-C1BC-4718-A519-44C15D5F4C2D}"
EndProject
Project("{FAE04EC0-301F-11D3-BF4B-00C04F79EFBC}") = "ExecuteAround", "ExecuteAround\ExecuteAround.csproj", "{E820D09B-127C-4E22-A1BE-F772566A2F8F}"
EndProject
Global
	GlobalSection(SolutionConfigurationPlatforms) = preSolution
		Debug|Any CPU = Debug|Any CPU
		Release|Any CPU = Release|Any CPU
	EndGlobalSection
	GlobalSection(ProjectConfigurationPlatforms) = postSolution
		{0CB42B66-D806-4530-9DFD-CCEC6877B06B}.Debug|Any CPU.ActiveCfg = Debug|Any CPU
		{0CB42B66-D806-4530-9DFD-CCEC6877B06B}.Debug|Any CPU.Build.0 = Debug|Any CPU
		{0CB42B66-D806-4530-9DFD-CCEC6877B06B}.Release|Any CPU.ActiveCfg = Release|Any CPU
		{0CB42B66-D806-4530-9DFD-CCEC6877B06B}.Release|Any CPU.Build.0 = Release|Any CPU
		{B9A0966D-9992-43FF-A7A8-A8B57A96CD49}.Debug|Any CPU.ActiveCfg = Debug|Any CPU
		{B9A0966D-9992-43FF-A7A8-A8B57A96CD49}.Debug|Any CPU.Build.0 = Debug|Any CPU
		{B9A0966D-9992-43FF-A7A8-A8B57A96CD49}.Release|Any CPU.ActiveCfg = Release|Any CPU
		{B9A0966D-9992-43FF-A7A8-A8B57A96CD49}.Release|Any CPU.Build.0 = Release|Any CPU
		{7698BC57-13DF-4F5B-B7D6-FC172E0D2E03}.Debug|Any CPU.ActiveCfg = Debug|Any CPU
		{7698BC57-13DF-4F5B-B7D6-FC172E0D2E03}.Debug|Any CPU.Build.0 = Debug|Any CPU
		{7698BC57-13DF-4F5B-B7D6-FC172E0D2E03}.Release|Any CPU.ActiveCfg = Release|Any CPU
		{7698BC57-13DF-4F5B-B7D6-FC172E0D2E03}.Release|Any CPU.Build.0 = Release|Any CPU
		{BBEC35EE-C1BC-4718-A519-44C15D5F4C2D}.Debug|Any CPU.ActiveCfg = Debug|Any CPU
		{BBEC35EE-C1BC-4718-A519-44C15D5F4C2D}.Debug|Any CPU.Build.0 = Debug|Any CPU
		{BBEC35EE-C1BC-4718-A519-44C15D5F4C2D}.Release|Any CPU.ActiveCfg = Release|Any CPU
		{BBEC35EE-C1BC-4718-A519-44C15D5F4C2D}.Release|Any CPU.Build.0 = Release|Any CPU
		{E820D09B-127C-4E22-A1BE-F772566A2F8F}.Debug|Any CPU.ActiveCfg = Debug|Any CPU
		{E820D09B-127C-4E22-A1BE-F772566A2F8F}.Debug|Any CPU.Build.0 = Debug|Any CPU
		{E820D09B-127C-4E22-A1BE-F772566A2F8F}.Release|Any CPU.ActiveCfg = Release|Any CPU
		{E820D09B-127C-4E22-A1BE-F772566A2F8F}.Release|Any CPU.Build.0 = Release|Any CPU
	EndGlobalSection
	GlobalSection(SolutionProperties) = preSolution
		HideSolutionNode = FALSE
	EndGlobalSection
	GlobalSection(ExtensibilityGlobals) = postSolution
		SolutionGuid = {93F9F318-6BD6-4999-B2A6-51EB1E0A9552}
	EndGlobalSection
EndGlobal
